// !$*UTF8*$!
{
	archiveVersion = 1;
	classes = {
	};
	objectVersion = 77;
	objects = {

/* Begin PBXBuildFile section */
		C70119632D2954670077A1A5 /* SnapKit in Frameworks */ = {isa = PBXBuildFile; productRef = C70119622D2954670077A1A5 /* SnapKit */; };
		C70CC9DA2D2953EC00B7865C /* QueryAPI in Frameworks */ = {isa = PBXBuildFile; productRef = C70CC9D92D2953EC00B7865C /* QueryAPI */; };
		C715DEF12D29537100B33476 /* QueryAPI in Frameworks */ = {isa = PBXBuildFile; productRef = C715DEF02D29537100B33476 /* QueryAPI */; };
		C73CB62E2D4100F3005E9731 /* RealmSwift in Frameworks */ = {isa = PBXBuildFile; productRef = C73CB62D2D4100F3005E9731 /* RealmSwift */; };
		C73CB6312D410341005E9731 /* RealmSwift in Embed Frameworks */ = {isa = PBXBuildFile; productRef = C73CB62D2D4100F3005E9731 /* RealmSwift */; settings = {ATTRIBUTES = (CodeSignOnCopy, ); }; };
		C7BAB0352D2802F400BBE940 /* FirebaseAnalyticsWithoutAdIdSupport in Frameworks */ = {isa = PBXBuildFile; productRef = C7BAB0342D2802F400BBE940 /* FirebaseAnalyticsWithoutAdIdSupport */; };
		C7BAB0372D2804EA00BBE940 /* FirebaseMessaging in Frameworks */ = {isa = PBXBuildFile; productRef = C7BAB0362D2804EA00BBE940 /* FirebaseMessaging */; };
		C7BAB03A2D28092A00BBE940 /* FirebaseCrashlytics in Frameworks */ = {isa = PBXBuildFile; productRef = C7BAB0392D28092A00BBE940 /* FirebaseCrashlytics */; };
		C7BAB03E2D294AE400BBE940 /* Apollo in Frameworks */ = {isa = PBXBuildFile; productRef = C7BAB03D2D294AE400BBE940 /* Apollo */; };
		C7BAB0412D294CDC00BBE940 /* QueryAPI in Frameworks */ = {isa = PBXBuildFile; productRef = C7BAB0402D294CDC00BBE940 /* QueryAPI */; };
		C7BAB0472D294FEB00BBE940 /* RxSwift in Frameworks */ = {isa = PBXBuildFile; productRef = C7BAB0462D294FEB00BBE940 /* RxSwift */; };
		C7BAB04A2D2951B500BBE940 /* Then in Frameworks */ = {isa = PBXBuildFile; productRef = C7BAB0492D2951B500BBE940 /* Then */; };
		C7BAB0512D29532000BBE940 /* QueryAPI in Frameworks */ = {isa = PBXBuildFile; productRef = C7BAB0502D29532000BBE940 /* QueryAPI */; };
/* End PBXBuildFile section */

/* Begin PBXCopyFilesBuildPhase section */
		C73CB6302D4101A2005E9731 /* Embed Frameworks */ = {
			isa = PBXCopyFilesBuildPhase;
			buildActionMask = 2147483647;
			dstPath = "";
			dstSubfolderSpec = 10;
			files = (
				C73CB6312D410341005E9731 /* RealmSwift in Embed Frameworks */,
			);
			name = "Embed Frameworks";
			runOnlyForDeploymentPostprocessing = 0;
		};
/* End PBXCopyFilesBuildPhase section */

/* Begin PBXFileReference section */
		C7C056EB2D277910007A228B /* hyuabot.app */ = {isa = PBXFileReference; explicitFileType = wrapper.application; includeInIndex = 0; path = hyuabot.app; sourceTree = BUILT_PRODUCTS_DIR; };
/* End PBXFileReference section */

/* Begin PBXFileSystemSynchronizedBuildFileExceptionSet section */
		C7C056FD2D277911007A228B /* Exceptions for "hyuabot" folder in "hyuabot" target */ = {
			isa = PBXFileSystemSynchronizedBuildFileExceptionSet;
			membershipExceptions = (
				Info.plist,
			);
			target = C7C056EA2D277910007A228B /* hyuabot */;
		};
/* End PBXFileSystemSynchronizedBuildFileExceptionSet section */

/* Begin PBXFileSystemSynchronizedRootGroup section */
		C7C056ED2D277910007A228B /* hyuabot */ = {
			isa = PBXFileSystemSynchronizedRootGroup;
			exceptions = (
				C7C056FD2D277911007A228B /* Exceptions for "hyuabot" folder in "hyuabot" target */,
			);
			path = hyuabot;
			sourceTree = "<group>";
		};
/* End PBXFileSystemSynchronizedRootGroup section */

/* Begin PBXFrameworksBuildPhase section */
		C7C056E82D277910007A228B /* Frameworks */ = {
			isa = PBXFrameworksBuildPhase;
			buildActionMask = 2147483647;
			files = (
				C73CB62E2D4100F3005E9731 /* RealmSwift in Frameworks */,
				C7BAB0472D294FEB00BBE940 /* RxSwift in Frameworks */,
				C7BAB03A2D28092A00BBE940 /* FirebaseCrashlytics in Frameworks */,
				C7BAB0412D294CDC00BBE940 /* QueryAPI in Frameworks */,
				C715DEF12D29537100B33476 /* QueryAPI in Frameworks */,
				C7BAB04A2D2951B500BBE940 /* Then in Frameworks */,
				C7BAB0512D29532000BBE940 /* QueryAPI in Frameworks */,
				C70CC9DA2D2953EC00B7865C /* QueryAPI in Frameworks */,
				C7BAB03E2D294AE400BBE940 /* Apollo in Frameworks */,
				C7BAB0372D2804EA00BBE940 /* FirebaseMessaging in Frameworks */,
				C7BAB0352D2802F400BBE940 /* FirebaseAnalyticsWithoutAdIdSupport in Frameworks */,
				C70119632D2954670077A1A5 /* SnapKit in Frameworks */,
			);
			runOnlyForDeploymentPostprocessing = 0;
		};
/* End PBXFrameworksBuildPhase section */

/* Begin PBXGroup section */
		C7C056E22D277910007A228B = {
			isa = PBXGroup;
			children = (
				C7C056ED2D277910007A228B /* hyuabot */,
				C7C056EC2D277910007A228B /* Products */,
			);
			sourceTree = "<group>";
		};
		C7C056EC2D277910007A228B /* Products */ = {
			isa = PBXGroup;
			children = (
				C7C056EB2D277910007A228B /* hyuabot.app */,
			);
			name = Products;
			sourceTree = "<group>";
		};
/* End PBXGroup section */

/* Begin PBXNativeTarget section */
		C7C056EA2D277910007A228B /* hyuabot */ = {
			isa = PBXNativeTarget;
			buildConfigurationList = C7C056FE2D277911007A228B /* Build configuration list for PBXNativeTarget "hyuabot" */;
			buildPhases = (
				C7C056E72D277910007A228B /* Sources */,
				C7C056E82D277910007A228B /* Frameworks */,
				C7C056E92D277910007A228B /* Resources */,
				C73CB6302D4101A2005E9731 /* Embed Frameworks */,
				C7BAB03B2D28098B00BBE940 /* Crashlytics */,
			);
			buildRules = (
			);
			dependencies = (
			);
			fileSystemSynchronizedGroups = (
				C7C056ED2D277910007A228B /* hyuabot */,
			);
			name = hyuabot;
			packageProductDependencies = (
				C7BAB0342D2802F400BBE940 /* FirebaseAnalyticsWithoutAdIdSupport */,
				C7BAB0362D2804EA00BBE940 /* FirebaseMessaging */,
				C7BAB0392D28092A00BBE940 /* FirebaseCrashlytics */,
				C7BAB03D2D294AE400BBE940 /* Apollo */,
				C7BAB0402D294CDC00BBE940 /* QueryAPI */,
				C7BAB0462D294FEB00BBE940 /* RxSwift */,
				C7BAB0492D2951B500BBE940 /* Then */,
				C7BAB0502D29532000BBE940 /* QueryAPI */,
				C715DEF02D29537100B33476 /* QueryAPI */,
				C70CC9D92D2953EC00B7865C /* QueryAPI */,
				C70119622D2954670077A1A5 /* SnapKit */,
				C73CB62D2D4100F3005E9731 /* RealmSwift */,
			);
			productName = hyuabot;
			productReference = C7C056EB2D277910007A228B /* hyuabot.app */;
			productType = "com.apple.product-type.application";
		};
/* End PBXNativeTarget section */

/* Begin PBXProject section */
		C7C056E32D277910007A228B /* Project object */ = {
			isa = PBXProject;
			attributes = {
				BuildIndependentTargetsInParallel = 1;
				LastSwiftUpdateCheck = 1620;
				LastUpgradeCheck = 1620;
				TargetAttributes = {
					C7C056EA2D277910007A228B = {
						CreatedOnToolsVersion = 16.2;
					};
				};
			};
			buildConfigurationList = C7C056E62D277910007A228B /* Build configuration list for PBXProject "hyuabot" */;
			developmentRegion = ko;
			hasScannedForEncodings = 0;
			knownRegions = (
				en,
				Base,
				ko,
			);
			mainGroup = C7C056E22D277910007A228B;
			minimizedProjectReferenceProxies = 1;
			packageReferences = (
				C7BAB0332D2802F400BBE940 /* XCRemoteSwiftPackageReference "firebase-ios-sdk" */,
				C7BAB03C2D294AE400BBE940 /* XCRemoteSwiftPackageReference "apollo-ios" */,
				C7BAB0452D294FEB00BBE940 /* XCRemoteSwiftPackageReference "RxSwift" */,
				C7BAB0482D2951B500BBE940 /* XCRemoteSwiftPackageReference "Then" */,
				C70CC9D82D2953EC00B7865C /* XCLocalSwiftPackageReference "queryAPI" */,
				C70119612D2954670077A1A5 /* XCRemoteSwiftPackageReference "SnapKit" */,
				C73CB62C2D4100F3005E9731 /* XCRemoteSwiftPackageReference "realm-swift" */,
			);
			preferredProjectObjectVersion = 77;
			productRefGroup = C7C056EC2D277910007A228B /* Products */;
			projectDirPath = "";
			projectRoot = "";
			targets = (
				C7C056EA2D277910007A228B /* hyuabot */,
			);
		};
/* End PBXProject section */

/* Begin PBXResourcesBuildPhase section */
		C7C056E92D277910007A228B /* Resources */ = {
			isa = PBXResourcesBuildPhase;
			buildActionMask = 2147483647;
			files = (
			);
			runOnlyForDeploymentPostprocessing = 0;
		};
/* End PBXResourcesBuildPhase section */

/* Begin PBXShellScriptBuildPhase section */
		C7BAB03B2D28098B00BBE940 /* Crashlytics */ = {
			isa = PBXShellScriptBuildPhase;
			alwaysOutOfDate = 1;
			buildActionMask = 2147483647;
			files = (
			);
			inputFileListPaths = (
			);
			inputPaths = (
				"${DWARF_DSYM_FOLDER_PATH}/${DWARF_DSYM_FILE_NAME}",
				"${DWARF_DSYM_FOLDER_PATH}/${DWARF_DSYM_FILE_NAME}/Contents/Resources/DWARF/${PRODUCT_NAME}",
				"${DWARF_DSYM_FOLDER_PATH}/${DWARF_DSYM_FILE_NAME}/Contents/Info.plist",
				"$(TARGET_BUILD_DIR)/$(UNLOCALIZED_RESOURCES_FOLDER_PATH)/GoogleService-Info.plist",
				"$(TARGET_BUILD_DIR)/$(EXECUTABLE_PATH)",
			);
			name = Crashlytics;
			outputFileListPaths = (
			);
			outputPaths = (
			);
			runOnlyForDeploymentPostprocessing = 0;
			shellPath = /bin/sh;
			shellScript = "\"${BUILD_DIR%/Build/*}/SourcePackages/checkouts/firebase-ios-sdk/Crashlytics/run\"\n";
		};
/* End PBXShellScriptBuildPhase section */

/* Begin PBXSourcesBuildPhase section */
		C7C056E72D277910007A228B /* Sources */ = {
			isa = PBXSourcesBuildPhase;
			buildActionMask = 2147483647;
			files = (
			);
			runOnlyForDeploymentPostprocessing = 0;
		};
/* End PBXSourcesBuildPhase section */

/* Begin XCBuildConfiguration section */
		C7C056FF2D277911007A228B /* Debug */ = {
			isa = XCBuildConfiguration;
			buildSettings = {
				ASSETCATALOG_COMPILER_APPICON_NAME = AppIcon;
				ASSETCATALOG_COMPILER_GLOBAL_ACCENT_COLOR_NAME = AccentColor;
				CODE_SIGN_ENTITLEMENTS = hyuabot/hyuabot.entitlements;
				CODE_SIGN_STYLE = Automatic;
				CURRENT_PROJECT_VERSION = 1;
				DEBUG_INFORMATION_FORMAT = "dwarf-with-dsym";
				DEVELOPMENT_TEAM = 9YYP5T2RL4;
				GENERATE_INFOPLIST_FILE = YES;
				INFOPLIST_FILE = hyuabot/Info.plist;
				INFOPLIST_KEY_LSApplicationCategoryType = "public.app-category.utilities";
				INFOPLIST_KEY_NSLocationWhenInUseUsageDescription = LocalizedLocationWhenInUseUsageDescription;
				INFOPLIST_KEY_UIApplicationSupportsIndirectInputEvents = YES;
				INFOPLIST_KEY_UILaunchStoryboardName = LaunchScreen;
				INFOPLIST_KEY_UIRequiresFullScreen = YES;
				INFOPLIST_KEY_UISupportedInterfaceOrientations = UIInterfaceOrientationPortrait;
				IPHONEOS_DEPLOYMENT_TARGET = 16.0;
				LD_RUNPATH_SEARCH_PATHS = (
					"$(inherited)",
					"@executable_path/Frameworks",
				);
				MARKETING_VERSION = 25.03.31;
				OTHER_LDFLAGS = "-ObjC";
				PRODUCT_BUNDLE_IDENTIFIER = net.jaram.hyuabot;
				PRODUCT_NAME = "$(TARGET_NAME)";
				SWIFT_EMIT_LOC_STRINGS = YES;
				SWIFT_VERSION = 5.0;
				TARGETED_DEVICE_FAMILY = "1,2";
			};
			name = Debug;
		};
		C7C057002D277911007A228B /* Release */ = {
			isa = XCBuildConfiguration;
			buildSettings = {
				ASSETCATALOG_COMPILER_APPICON_NAME = AppIcon;
				ASSETCATALOG_COMPILER_GLOBAL_ACCENT_COLOR_NAME = AccentColor;
				CODE_SIGN_ENTITLEMENTS = hyuabot/hyuabot.entitlements;
				CODE_SIGN_STYLE = Automatic;
				CURRENT_PROJECT_VERSION = 1;
				DEBUG_INFORMATION_FORMAT = "dwarf-with-dsym";
				DEVELOPMENT_TEAM = 9YYP5T2RL4;
				GENERATE_INFOPLIST_FILE = YES;
				INFOPLIST_FILE = hyuabot/Info.plist;
				INFOPLIST_KEY_LSApplicationCategoryType = "public.app-category.utilities";
				INFOPLIST_KEY_NSLocationWhenInUseUsageDescription = LocalizedLocationWhenInUseUsageDescription;
				INFOPLIST_KEY_UIApplicationSupportsIndirectInputEvents = YES;
				INFOPLIST_KEY_UILaunchStoryboardName = LaunchScreen;
				INFOPLIST_KEY_UIRequiresFullScreen = YES;
				INFOPLIST_KEY_UISupportedInterfaceOrientations = UIInterfaceOrientationPortrait;
				IPHONEOS_DEPLOYMENT_TARGET = 16.0;
				LD_RUNPATH_SEARCH_PATHS = (
					"$(inherited)",
					"@executable_path/Frameworks",
				);
				MARKETING_VERSION = 25.03.31;
				OTHER_LDFLAGS = "-ObjC";
				PRODUCT_BUNDLE_IDENTIFIER = net.jaram.hyuabot;
				PRODUCT_NAME = "$(TARGET_NAME)";
				SWIFT_EMIT_LOC_STRINGS = YES;
				SWIFT_VERSION = 5.0;
				TARGETED_DEVICE_FAMILY = "1,2";
			};
			name = Release;
		};
		C7C057012D277911007A228B /* Debug */ = {
			isa = XCBuildConfiguration;
			buildSettings = {
				ALWAYS_SEARCH_USER_PATHS = NO;
				ASSETCATALOG_COMPILER_GENERATE_SWIFT_ASSET_SYMBOL_EXTENSIONS = YES;
				CLANG_ANALYZER_LOCALIZABILITY_NONLOCALIZED = YES;
				CLANG_ANALYZER_NONNULL = YES;
				CLANG_ANALYZER_NUMBER_OBJECT_CONVERSION = YES_AGGRESSIVE;
				CLANG_CXX_LANGUAGE_STANDARD = "gnu++20";
				CLANG_ENABLE_MODULES = YES;
				CLANG_ENABLE_OBJC_ARC = YES;
				CLANG_ENABLE_OBJC_WEAK = YES;
				CLANG_WARN_BLOCK_CAPTURE_AUTORELEASING = YES;
				CLANG_WARN_BOOL_CONVERSION = YES;
				CLANG_WARN_COMMA = YES;
				CLANG_WARN_CONSTANT_CONVERSION = YES;
				CLANG_WARN_DEPRECATED_OBJC_IMPLEMENTATIONS = YES;
				CLANG_WARN_DIRECT_OBJC_ISA_USAGE = YES_ERROR;
				CLANG_WARN_DOCUMENTATION_COMMENTS = YES;
				CLANG_WARN_EMPTY_BODY = YES;
				CLANG_WARN_ENUM_CONVERSION = YES;
				CLANG_WARN_INFINITE_RECURSION = YES;
				CLANG_WARN_INT_CONVERSION = YES;
				CLANG_WARN_NON_LITERAL_NULL_CONVERSION = YES;
				CLANG_WARN_OBJC_IMPLICIT_RETAIN_SELF = YES;
				CLANG_WARN_OBJC_LITERAL_CONVERSION = YES;
				CLANG_WARN_OBJC_ROOT_CLASS = YES_ERROR;
				CLANG_WARN_QUOTED_INCLUDE_IN_FRAMEWORK_HEADER = YES;
				CLANG_WARN_RANGE_LOOP_ANALYSIS = YES;
				CLANG_WARN_STRICT_PROTOTYPES = YES;
				CLANG_WARN_SUSPICIOUS_MOVE = YES;
				CLANG_WARN_UNGUARDED_AVAILABILITY = YES_AGGRESSIVE;
				CLANG_WARN_UNREACHABLE_CODE = YES;
				CLANG_WARN__DUPLICATE_METHOD_MATCH = YES;
				COPY_PHASE_STRIP = NO;
				DEBUG_INFORMATION_FORMAT = dwarf;
				ENABLE_DEBUG_DYLIB = NO;
				ENABLE_STRICT_OBJC_MSGSEND = YES;
				ENABLE_TESTABILITY = YES;
				ENABLE_USER_SCRIPT_SANDBOXING = YES;
				GCC_C_LANGUAGE_STANDARD = gnu17;
				GCC_DYNAMIC_NO_PIC = NO;
				GCC_NO_COMMON_BLOCKS = YES;
				GCC_OPTIMIZATION_LEVEL = 0;
				GCC_PREPROCESSOR_DEFINITIONS = (
					"DEBUG=1",
					"$(inherited)",
				);
				GCC_WARN_64_TO_32_BIT_CONVERSION = YES;
				GCC_WARN_ABOUT_RETURN_TYPE = YES_ERROR;
				GCC_WARN_UNDECLARED_SELECTOR = YES;
				GCC_WARN_UNINITIALIZED_AUTOS = YES_AGGRESSIVE;
				GCC_WARN_UNUSED_FUNCTION = YES;
				GCC_WARN_UNUSED_VALUE = YES;
				GCC_WARN_UNUSED_VARIABLE = YES;
				IPHONEOS_DEPLOYMENT_TARGET = 16.0;
				LOCALIZATION_PREFERS_STRING_CATALOGS = YES;
				MTL_ENABLE_DEBUG_INFO = INCLUDE_SOURCE;
				MTL_FAST_MATH = YES;
				ONLY_ACTIVE_ARCH = YES;
				SDKROOT = iphoneos;
				SWIFT_ACTIVE_COMPILATION_CONDITIONS = "DEBUG $(inherited)";
				SWIFT_EMIT_LOC_STRINGS = YES;
				SWIFT_OPTIMIZATION_LEVEL = "-Onone";
			};
			name = Debug;
		};
		C7C057022D277911007A228B /* Release */ = {
			isa = XCBuildConfiguration;
			buildSettings = {
				ALWAYS_SEARCH_USER_PATHS = NO;
				ASSETCATALOG_COMPILER_GENERATE_SWIFT_ASSET_SYMBOL_EXTENSIONS = YES;
				CLANG_ANALYZER_LOCALIZABILITY_NONLOCALIZED = YES;
				CLANG_ANALYZER_NONNULL = YES;
				CLANG_ANALYZER_NUMBER_OBJECT_CONVERSION = YES_AGGRESSIVE;
				CLANG_CXX_LANGUAGE_STANDARD = "gnu++20";
				CLANG_ENABLE_MODULES = YES;
				CLANG_ENABLE_OBJC_ARC = YES;
				CLANG_ENABLE_OBJC_WEAK = YES;
				CLANG_WARN_BLOCK_CAPTURE_AUTORELEASING = YES;
				CLANG_WARN_BOOL_CONVERSION = YES;
				CLANG_WARN_COMMA = YES;
				CLANG_WARN_CONSTANT_CONVERSION = YES;
				CLANG_WARN_DEPRECATED_OBJC_IMPLEMENTATIONS = YES;
				CLANG_WARN_DIRECT_OBJC_ISA_USAGE = YES_ERROR;
				CLANG_WARN_DOCUMENTATION_COMMENTS = YES;
				CLANG_WARN_EMPTY_BODY = YES;
				CLANG_WARN_ENUM_CONVERSION = YES;
				CLANG_WARN_INFINITE_RECURSION = YES;
				CLANG_WARN_INT_CONVERSION = YES;
				CLANG_WARN_NON_LITERAL_NULL_CONVERSION = YES;
				CLANG_WARN_OBJC_IMPLICIT_RETAIN_SELF = YES;
				CLANG_WARN_OBJC_LITERAL_CONVERSION = YES;
				CLANG_WARN_OBJC_ROOT_CLASS = YES_ERROR;
				CLANG_WARN_QUOTED_INCLUDE_IN_FRAMEWORK_HEADER = YES;
				CLANG_WARN_RANGE_LOOP_ANALYSIS = YES;
				CLANG_WARN_STRICT_PROTOTYPES = YES;
				CLANG_WARN_SUSPICIOUS_MOVE = YES;
				CLANG_WARN_UNGUARDED_AVAILABILITY = YES_AGGRESSIVE;
				CLANG_WARN_UNREACHABLE_CODE = YES;
				CLANG_WARN__DUPLICATE_METHOD_MATCH = YES;
				COPY_PHASE_STRIP = NO;
				DEBUG_INFORMATION_FORMAT = "dwarf-with-dsym";
				ENABLE_DEBUG_DYLIB = NO;
				ENABLE_NS_ASSERTIONS = NO;
				ENABLE_STRICT_OBJC_MSGSEND = YES;
				ENABLE_USER_SCRIPT_SANDBOXING = YES;
				GCC_C_LANGUAGE_STANDARD = gnu17;
				GCC_NO_COMMON_BLOCKS = YES;
				GCC_WARN_64_TO_32_BIT_CONVERSION = YES;
				GCC_WARN_ABOUT_RETURN_TYPE = YES_ERROR;
				GCC_WARN_UNDECLARED_SELECTOR = YES;
				GCC_WARN_UNINITIALIZED_AUTOS = YES_AGGRESSIVE;
				GCC_WARN_UNUSED_FUNCTION = YES;
				GCC_WARN_UNUSED_VALUE = YES;
				GCC_WARN_UNUSED_VARIABLE = YES;
				IPHONEOS_DEPLOYMENT_TARGET = 16.0;
				LOCALIZATION_PREFERS_STRING_CATALOGS = YES;
				MTL_ENABLE_DEBUG_INFO = NO;
				MTL_FAST_MATH = YES;
				SDKROOT = iphoneos;
				SWIFT_COMPILATION_MODE = wholemodule;
				SWIFT_EMIT_LOC_STRINGS = YES;
				VALIDATE_PRODUCT = YES;
			};
			name = Release;
		};
/* End XCBuildConfiguration section */

/* Begin XCConfigurationList section */
		C7C056E62D277910007A228B /* Build configuration list for PBXProject "hyuabot" */ = {
			isa = XCConfigurationList;
			buildConfigurations = (
				C7C057012D277911007A228B /* Debug */,
				C7C057022D277911007A228B /* Release */,
			);
			defaultConfigurationIsVisible = 0;
			defaultConfigurationName = Release;
		};
		C7C056FE2D277911007A228B /* Build configuration list for PBXNativeTarget "hyuabot" */ = {
			isa = XCConfigurationList;
			buildConfigurations = (
				C7C056FF2D277911007A228B /* Debug */,
				C7C057002D277911007A228B /* Release */,
			);
			defaultConfigurationIsVisible = 0;
			defaultConfigurationName = Release;
		};
/* End XCConfigurationList section */

/* Begin XCLocalSwiftPackageReference section */
		C70CC9D82D2953EC00B7865C /* XCLocalSwiftPackageReference "queryAPI" */ = {
			isa = XCLocalSwiftPackageReference;
			relativePath = queryAPI;
		};
/* End XCLocalSwiftPackageReference section */

/* Begin XCRemoteSwiftPackageReference section */
		C70119612D2954670077A1A5 /* XCRemoteSwiftPackageReference "SnapKit" */ = {
			isa = XCRemoteSwiftPackageReference;
			repositoryURL = "https://github.com/SnapKit/SnapKit";
			requirement = {
				kind = upToNextMajorVersion;
				minimumVersion = 5.7.1;
			};
		};
		C73CB62C2D4100F3005E9731 /* XCRemoteSwiftPackageReference "realm-swift" */ = {
			isa = XCRemoteSwiftPackageReference;
			repositoryURL = "https://github.com/realm/realm-swift.git";
			requirement = {
				kind = upToNextMajorVersion;
				minimumVersion = 20.0.1;
			};
		};
		C7BAB0332D2802F400BBE940 /* XCRemoteSwiftPackageReference "firebase-ios-sdk" */ = {
			isa = XCRemoteSwiftPackageReference;
			repositoryURL = "https://github.com/firebase/firebase-ios-sdk";
			requirement = {
				kind = upToNextMajorVersion;
				minimumVersion = 11.6.0;
			};
		};
		C7BAB03C2D294AE400BBE940 /* XCRemoteSwiftPackageReference "apollo-ios" */ = {
			isa = XCRemoteSwiftPackageReference;
			repositoryURL = "https://github.com/apollographql/apollo-ios.git";
			requirement = {
				kind = upToNextMajorVersion;
				minimumVersion = 1.15.3;
			};
		};
		C7BAB0452D294FEB00BBE940 /* XCRemoteSwiftPackageReference "RxSwift" */ = {
			isa = XCRemoteSwiftPackageReference;
			repositoryURL = "https://github.com/ReactiveX/RxSwift";
			requirement = {
				kind = upToNextMajorVersion;
				minimumVersion = 6.8.0;
			};
		};
		C7BAB0482D2951B500BBE940 /* XCRemoteSwiftPackageReference "Then" */ = {
			isa = XCRemoteSwiftPackageReference;
			repositoryURL = "https://github.com/devxoul/Then";
			requirement = {
				kind = upToNextMajorVersion;
				minimumVersion = 3.0.0;
			};
		};
/* End XCRemoteSwiftPackageReference section */

/* Begin XCSwiftPackageProductDependency section */
		C70119622D2954670077A1A5 /* SnapKit */ = {
			isa = XCSwiftPackageProductDependency;
			package = C70119612D2954670077A1A5 /* XCRemoteSwiftPackageReference "SnapKit" */;
			productName = SnapKit;
		};
		C70CC9D92D2953EC00B7865C /* QueryAPI */ = {
			isa = XCSwiftPackageProductDependency;
			productName = QueryAPI;
		};
		C715DEF02D29537100B33476 /* QueryAPI */ = {
			isa = XCSwiftPackageProductDependency;
			productName = QueryAPI;
		};
		C73CB62D2D4100F3005E9731 /* RealmSwift */ = {
			isa = XCSwiftPackageProductDependency;
			package = C73CB62C2D4100F3005E9731 /* XCRemoteSwiftPackageReference "realm-swift" */;
			productName = RealmSwift;
		};
		C7BAB0342D2802F400BBE940 /* FirebaseAnalyticsWithoutAdIdSupport */ = {
			isa = XCSwiftPackageProductDependency;
			package = C7BAB0332D2802F400BBE940 /* XCRemoteSwiftPackageReference "firebase-ios-sdk" */;
			productName = FirebaseAnalyticsWithoutAdIdSupport;
		};
		C7BAB0362D2804EA00BBE940 /* FirebaseMessaging */ = {
			isa = XCSwiftPackageProductDependency;
			package = C7BAB0332D2802F400BBE940 /* XCRemoteSwiftPackageReference "firebase-ios-sdk" */;
			productName = FirebaseMessaging;
		};
		C7BAB0392D28092A00BBE940 /* FirebaseCrashlytics */ = {
			isa = XCSwiftPackageProductDependency;
			package = C7BAB0332D2802F400BBE940 /* XCRemoteSwiftPackageReference "firebase-ios-sdk" */;
			productName = FirebaseCrashlytics;
		};
		C7BAB03D2D294AE400BBE940 /* Apollo */ = {
			isa = XCSwiftPackageProductDependency;
			package = C7BAB03C2D294AE400BBE940 /* XCRemoteSwiftPackageReference "apollo-ios" */;
			productName = Apollo;
		};
		C7BAB0402D294CDC00BBE940 /* QueryAPI */ = {
			isa = XCSwiftPackageProductDependency;
			productName = QueryAPI;
		};
		C7BAB0462D294FEB00BBE940 /* RxSwift */ = {
			isa = XCSwiftPackageProductDependency;
			package = C7BAB0452D294FEB00BBE940 /* XCRemoteSwiftPackageReference "RxSwift" */;
			productName = RxSwift;
		};
		C7BAB0492D2951B500BBE940 /* Then */ = {
			isa = XCSwiftPackageProductDependency;
			package = C7BAB0482D2951B500BBE940 /* XCRemoteSwiftPackageReference "Then" */;
			productName = Then;
		};
		C7BAB0502D29532000BBE940 /* QueryAPI */ = {
			isa = XCSwiftPackageProductDependency;
			productName = QueryAPI;
		};
/* End XCSwiftPackageProductDependency section */
	};
	rootObject = C7C056E32D277910007A228B /* Project object */;
}
