{
  "originHash" : "6a1dd3520bc0bb086cdda471188dbdb8862addffd5df78a130428b444e9be3ea",
  "pins" : [
    {
      "identity" : "apollo-ios",
      "kind" : "remoteSourceControl",
      "location" : "https://github.com/apollographql/apollo-ios",
      "state" : {
        "revision" : "fe14c216aaea3d25274343e80ccb3015fc3fb0b0",
        "version" : "2.4.0"
      }
    }
  ],
  "version" : 3
}
